PODS:
  - bdk_flutter (0.31.2-dev.2):
    - Flutter
  - Flutter (1.0.0)
  - payjoin_flutter (0.0.1)

DEPENDENCIES:
  - bdk_flutter (from `.symlinks/plugins/bdk_flutter/ios`)
  - Flutter (from `Flutter`)
  - payjoin_flutter (from `.symlinks/plugins/payjoin_flutter/ios`)

EXTERNAL SOURCES:
  bdk_flutter:
    :path: ".symlinks/plugins/bdk_flutter/ios"
  Flutter:
    :path: Flutter
  payjoin_flutter:
    :path: ".symlinks/plugins/payjoin_flutter/ios"

SPEC CHECKSUMS:
  bdk_flutter: af166bdb3f24fa9bac1de94772973f76302cb1c1
  Flutter: e0871f40cf51350855a761d2e70bf5af5b9b5de7
  payjoin_flutter: 9011d8ef87f28bd66bcf80a21fdef14951b8a2aa

PODFILE CHECKSUM: 4e8f8b2be68aeea4c0d5beb6ff1e79fface1d048

COCOAPODS: 1.14.3
